
Microsoft Visual Studio Solution File, Format Version 12.00
# Visual Studio Version 17
VisualStudioVersion = 17.7.34202.233
MinimumVisualStudioVersion = 10.0.40219.1
Project("{9A19103F-16F7-4668-BE54-9A1E7A4F7556}") = "Komis", "Komis.csproj", "{137ECA0B-4029-4BDC-B518-B5A6AB844B10}"
EndProject
Project("{2150E333-8FDC-42A3-9474-1A3956D46DE8}") = "Elementy rozwiązania", "Elementy rozwiązania", "{A8B36433-582A-433C-9A90-FB63EB9A13EB}"
EndProject
Global
	GlobalSection(SolutionConfigurationPlatforms) = preSolution
		Debug|Any CPU = Debug|Any CPU
		Release|Any CPU = Release|Any CPU
	EndGlobalSection
	GlobalSection(ProjectConfigurationPlatforms) = postSolution
		{137ECA0B-4029-4BDC-B518-B5A6AB844B10}.Debug|Any CPU.ActiveCfg = Debug|Any CPU
		{137ECA0B-4029-4BDC-B518-B5A6AB844B10}.Debug|Any CPU.Build.0 = Debug|Any CPU
		{137ECA0B-4029-4BDC-B518-B5A6AB844B10}.Release|Any CPU.ActiveCfg = Release|Any CPU
		{137ECA0B-4029-4BDC-B518-B5A6AB844B10}.Release|Any CPU.Build.0 = Release|Any CPU
	EndGlobalSection
	GlobalSection(SolutionProperties) = preSolution
		HideSolutionNode = FALSE
	EndGlobalSection
	GlobalSection(ExtensibilityGlobals) = postSolution
		SolutionGuid = {C9821853-AC87-44C7-B007-A93AF54F3926}
	EndGlobalSection
EndGlobal
